
Microsoft Visual Studio Solution File, Format Version 12.00
# Visual Studio Version 17
VisualStudioVersion = 17.2.32602.215
MinimumVisualStudioVersion = 10.0.40219.1
Project("{9A19103F-16F7-4668-BE54-9A1E7A4F7556}") = "LocadoraDeVeiculos.WinApp", "LocadoraDeVeiculos.WinApp\LocadoraDeVeiculos.WinApp.csproj", "{4C7AF922-E299-49AF-A7D0-8ED852480123}"
EndProject
Project("{2150E333-8FDC-42A3-9474-1A3956D46DE8}") = "1.Apresentação", "1.Apresentação", "{00C0EB4B-D93E-44A4-B30C-22B64F827E76}"
EndProject
Project("{2150E333-8FDC-42A3-9474-1A3956D46DE8}") = "3.Dominio", "3.Dominio", "{18C32713-D8CF-43D6-BC74-491ED67B477B}"
EndProject
Project("{9A19103F-16F7-4668-BE54-9A1E7A4F7556}") = "LocadoraDeVeiculos.Dominio", "LocadoraDeVeiculos.Dominio\LocadoraDeVeiculos.Dominio.csproj", "{B19F69D8-3ED9-429F-A1BB-26BAD2677547}"
EndProject
Project("{2150E333-8FDC-42A3-9474-1A3956D46DE8}") = "4.Infra", "4.Infra", "{94040B51-0FFD-4CDE-B91B-7910BB36A077}"
EndProject
Project("{9A19103F-16F7-4668-BE54-9A1E7A4F7556}") = "LocadoraDeVeiculos.Infra.BancoDeDados", "LocadoraDeVeiculos.Infra.BancoDeDados\LocadoraDeVeiculos.Infra.BancoDeDados.csproj", "{64CFCB67-5244-47C9-A2D9-B1F4E0B58793}"
EndProject
Project("{2150E333-8FDC-42A3-9474-1A3956D46DE8}") = "5.Testes", "5.Testes", "{E3F28E66-FB64-4D2C-8F41-48CF76702DBD}"
EndProject
Project("{2150E333-8FDC-42A3-9474-1A3956D46DE8}") = "5.1 Testes Unitários", "5.1 Testes Unitários", "{397831F5-DAA4-4C2D-90B2-E2F2BB000002}"
EndProject
Project("{2150E333-8FDC-42A3-9474-1A3956D46DE8}") = "5.2 Testes de Integração", "5.2 Testes de Integração", "{0CAB0129-3B04-43B3-AAB8-77233F4BCE18}"
EndProject
Project("{9A19103F-16F7-4668-BE54-9A1E7A4F7556}") = "LocadoraDeVeiculos.Dominio.Tests", "LocadoraDeVeiculos.Dominio.Tests\LocadoraDeVeiculos.Dominio.Tests.csproj", "{6F581D04-814C-4B59-B70B-85A1E8F61D3F}"
EndProject
Project("{9A19103F-16F7-4668-BE54-9A1E7A4F7556}") = "LocadoraDeVeiculos.Infra.BancoDeDados.Tests", "LocadoraDeVeiculos.Infra.BancoDeDados.Tests\LocadoraDeVeiculos.Infra.BancoDeDados.Tests.csproj", "{9971B246-D21C-48B9-B2F8-91CB11C76B57}"
EndProject
Project("{00D1A9C2-B5F0-4AF3-8072-F6C62B433612}") = "LocadoraDeVeiculos.Projeto.BandoDeDados", "LocadoraDeVeiculos.Projeto.BandoDeDados\LocadoraDeVeiculos.Projeto.BandoDeDados.sqlproj", "{C3992F70-5F7A-43AE-979F-F18D1E8CA0CC}"
EndProject
Project("{2150E333-8FDC-42A3-9474-1A3956D46DE8}") = "Guia", "Guia", "{59F0FD54-5D55-4319-9028-667A68DA9279}"
	ProjectSection(SolutionItems) = preProject
		Guia.md = Guia.md
	EndProjectSection
EndProject
Project("{2150E333-8FDC-42A3-9474-1A3956D46DE8}") = "2.Aplicação", "2.Aplicação", "{555C3A19-ECC0-4B4B-AA8A-AC98FC988818}"
EndProject
Project("{9A19103F-16F7-4668-BE54-9A1E7A4F7556}") = "LocadoraDeVeiculos.Servico", "LocadoraDeVeiculos.Servico\LocadoraDeVeiculos.Servico.csproj", "{79EA9DCE-99A4-493D-821F-E72D38B69821}"
EndProject
Project("{9A19103F-16F7-4668-BE54-9A1E7A4F7556}") = "LocadoraDeVeiculos.Infra.Logging", "LocadoraDeVeiculos.Infra.Logging\LocadoraDeVeiculos.Infra.Logging.csproj", "{EBED99BD-E2C3-41A0-A4E4-F9A012ECDF4F}"
EndProject
Project("{2150E333-8FDC-42A3-9474-1A3956D46DE8}") = "Banco de Dados", "Banco de Dados", "{FEFE6B83-65AD-4A63-A936-BD7DDE5AD9C5}"
EndProject
Project("{2150E333-8FDC-42A3-9474-1A3956D46DE8}") = "Logging", "Logging", "{95A3F210-8276-41A6-A817-8B35091EF56C}"
EndProject
Project("{2150E333-8FDC-42A3-9474-1A3956D46DE8}") = "ORM", "ORM", "{AC8DEF51-3997-4D25-A4AF-09344A61A0DC}"
EndProject
Project("{9A19103F-16F7-4668-BE54-9A1E7A4F7556}") = "LocadoraDeVeiculos.Infra.ORM", "LocadoraDeVeiculos.Infra.ORM\LocadoraDeVeiculos.Infra.ORM.csproj", "{57D4C8AF-8F53-4C29-B6EE-672B24147DF7}"
EndProject
Global
	GlobalSection(SolutionConfigurationPlatforms) = preSolution
		Debug|Any CPU = Debug|Any CPU
		Release|Any CPU = Release|Any CPU
	EndGlobalSection
	GlobalSection(ProjectConfigurationPlatforms) = postSolution
		{4C7AF922-E299-49AF-A7D0-8ED852480123}.Debug|Any CPU.ActiveCfg = Debug|Any CPU
		{4C7AF922-E299-49AF-A7D0-8ED852480123}.Debug|Any CPU.Build.0 = Debug|Any CPU
		{4C7AF922-E299-49AF-A7D0-8ED852480123}.Release|Any CPU.ActiveCfg = Release|Any CPU
		{4C7AF922-E299-49AF-A7D0-8ED852480123}.Release|Any CPU.Build.0 = Release|Any CPU
		{B19F69D8-3ED9-429F-A1BB-26BAD2677547}.Debug|Any CPU.ActiveCfg = Debug|Any CPU
		{B19F69D8-3ED9-429F-A1BB-26BAD2677547}.Debug|Any CPU.Build.0 = Debug|Any CPU
		{B19F69D8-3ED9-429F-A1BB-26BAD2677547}.Release|Any CPU.ActiveCfg = Release|Any CPU
		{B19F69D8-3ED9-429F-A1BB-26BAD2677547}.Release|Any CPU.Build.0 = Release|Any CPU
		{64CFCB67-5244-47C9-A2D9-B1F4E0B58793}.Debug|Any CPU.ActiveCfg = Debug|Any CPU
		{64CFCB67-5244-47C9-A2D9-B1F4E0B58793}.Debug|Any CPU.Build.0 = Debug|Any CPU
		{64CFCB67-5244-47C9-A2D9-B1F4E0B58793}.Release|Any CPU.ActiveCfg = Release|Any CPU
		{64CFCB67-5244-47C9-A2D9-B1F4E0B58793}.Release|Any CPU.Build.0 = Release|Any CPU
		{6F581D04-814C-4B59-B70B-85A1E8F61D3F}.Debug|Any CPU.ActiveCfg = Debug|Any CPU
		{6F581D04-814C-4B59-B70B-85A1E8F61D3F}.Debug|Any CPU.Build.0 = Debug|Any CPU
		{6F581D04-814C-4B59-B70B-85A1E8F61D3F}.Release|Any CPU.ActiveCfg = Release|Any CPU
		{6F581D04-814C-4B59-B70B-85A1E8F61D3F}.Release|Any CPU.Build.0 = Release|Any CPU
		{9971B246-D21C-48B9-B2F8-91CB11C76B57}.Debug|Any CPU.ActiveCfg = Debug|Any CPU
		{9971B246-D21C-48B9-B2F8-91CB11C76B57}.Debug|Any CPU.Build.0 = Debug|Any CPU
		{9971B246-D21C-48B9-B2F8-91CB11C76B57}.Release|Any CPU.ActiveCfg = Release|Any CPU
		{9971B246-D21C-48B9-B2F8-91CB11C76B57}.Release|Any CPU.Build.0 = Release|Any CPU
		{C3992F70-5F7A-43AE-979F-F18D1E8CA0CC}.Debug|Any CPU.ActiveCfg = Debug|Any CPU
		{C3992F70-5F7A-43AE-979F-F18D1E8CA0CC}.Debug|Any CPU.Build.0 = Debug|Any CPU
		{C3992F70-5F7A-43AE-979F-F18D1E8CA0CC}.Debug|Any CPU.Deploy.0 = Debug|Any CPU
		{C3992F70-5F7A-43AE-979F-F18D1E8CA0CC}.Release|Any CPU.ActiveCfg = Release|Any CPU
		{C3992F70-5F7A-43AE-979F-F18D1E8CA0CC}.Release|Any CPU.Build.0 = Release|Any CPU
		{C3992F70-5F7A-43AE-979F-F18D1E8CA0CC}.Release|Any CPU.Deploy.0 = Release|Any CPU
		{79EA9DCE-99A4-493D-821F-E72D38B69821}.Debug|Any CPU.ActiveCfg = Debug|Any CPU
		{79EA9DCE-99A4-493D-821F-E72D38B69821}.Debug|Any CPU.Build.0 = Debug|Any CPU
		{79EA9DCE-99A4-493D-821F-E72D38B69821}.Release|Any CPU.ActiveCfg = Release|Any CPU
		{79EA9DCE-99A4-493D-821F-E72D38B69821}.Release|Any CPU.Build.0 = Release|Any CPU
		{EBED99BD-E2C3-41A0-A4E4-F9A012ECDF4F}.Debug|Any CPU.ActiveCfg = Debug|Any CPU
		{EBED99BD-E2C3-41A0-A4E4-F9A012ECDF4F}.Debug|Any CPU.Build.0 = Debug|Any CPU
		{EBED99BD-E2C3-41A0-A4E4-F9A012ECDF4F}.Release|Any CPU.ActiveCfg = Release|Any CPU
		{EBED99BD-E2C3-41A0-A4E4-F9A012ECDF4F}.Release|Any CPU.Build.0 = Release|Any CPU
		{57D4C8AF-8F53-4C29-B6EE-672B24147DF7}.Debug|Any CPU.ActiveCfg = Debug|Any CPU
		{57D4C8AF-8F53-4C29-B6EE-672B24147DF7}.Debug|Any CPU.Build.0 = Debug|Any CPU
		{57D4C8AF-8F53-4C29-B6EE-672B24147DF7}.Release|Any CPU.ActiveCfg = Release|Any CPU
		{57D4C8AF-8F53-4C29-B6EE-672B24147DF7}.Release|Any CPU.Build.0 = Release|Any CPU
	EndGlobalSection
	GlobalSection(SolutionProperties) = preSolution
		HideSolutionNode = FALSE
	EndGlobalSection
	GlobalSection(NestedProjects) = preSolution
		{4C7AF922-E299-49AF-A7D0-8ED852480123} = {00C0EB4B-D93E-44A4-B30C-22B64F827E76}
		{B19F69D8-3ED9-429F-A1BB-26BAD2677547} = {18C32713-D8CF-43D6-BC74-491ED67B477B}
		{64CFCB67-5244-47C9-A2D9-B1F4E0B58793} = {FEFE6B83-65AD-4A63-A936-BD7DDE5AD9C5}
		{397831F5-DAA4-4C2D-90B2-E2F2BB000002} = {E3F28E66-FB64-4D2C-8F41-48CF76702DBD}
		{0CAB0129-3B04-43B3-AAB8-77233F4BCE18} = {E3F28E66-FB64-4D2C-8F41-48CF76702DBD}
		{6F581D04-814C-4B59-B70B-85A1E8F61D3F} = {397831F5-DAA4-4C2D-90B2-E2F2BB000002}
		{9971B246-D21C-48B9-B2F8-91CB11C76B57} = {0CAB0129-3B04-43B3-AAB8-77233F4BCE18}
		{C3992F70-5F7A-43AE-979F-F18D1E8CA0CC} = {FEFE6B83-65AD-4A63-A936-BD7DDE5AD9C5}
		{79EA9DCE-99A4-493D-821F-E72D38B69821} = {555C3A19-ECC0-4B4B-AA8A-AC98FC988818}
		{EBED99BD-E2C3-41A0-A4E4-F9A012ECDF4F} = {95A3F210-8276-41A6-A817-8B35091EF56C}
		{FEFE6B83-65AD-4A63-A936-BD7DDE5AD9C5} = {94040B51-0FFD-4CDE-B91B-7910BB36A077}
		{95A3F210-8276-41A6-A817-8B35091EF56C} = {94040B51-0FFD-4CDE-B91B-7910BB36A077}
		{AC8DEF51-3997-4D25-A4AF-09344A61A0DC} = {94040B51-0FFD-4CDE-B91B-7910BB36A077}
		{57D4C8AF-8F53-4C29-B6EE-672B24147DF7} = {AC8DEF51-3997-4D25-A4AF-09344A61A0DC}
	EndGlobalSection
	GlobalSection(ExtensibilityGlobals) = postSolution
		SolutionGuid = {DD7BA912-3889-4016-8A5C-A19D7C4394BC}
	EndGlobalSection
EndGlobal
